
Microsoft Visual Studio Solution File, Format Version 12.00
# Visual Studio Version 17
VisualStudioVersion = 17.1.32407.343
MinimumVisualStudioVersion = 10.0.40219.1
Project("{9A19103F-16F7-4668-BE54-9A1E7A4F7556}") = "PackageTracker.API", "PackageTracker.API\PackageTracker.API.csproj", "{57A9A2DA-8820-4BA6-921F-E103F7CC077E}"
EndProject
Project("{9A19103F-16F7-4668-BE54-9A1E7A4F7556}") = "PackageTracker.Identity.Data", "PackageTracker.Identity.Data\PackageTracker.Identity.Data.csproj", "{55143776-0879-46EB-8BBC-9C209ABE80EC}"
EndProject
Project("{9A19103F-16F7-4668-BE54-9A1E7A4F7556}") = "PackageTracker.Service", "PackageTracker.Service\PackageTracker.Service.csproj", "{1E42F1CC-F713-4C44-A279-E6F861C3E726}"
EndProject
Project("{9A19103F-16F7-4668-BE54-9A1E7A4F7556}") = "PackageTracker.Data", "PackageTracker.Data\PackageTracker.Data.csproj", "{72993B31-E02B-4609-8835-E1D7E534F8D4}"
EndProject
Project("{9A19103F-16F7-4668-BE54-9A1E7A4F7556}") = "PackageTracker.Domain", "PackageTracker.Domain\PackageTracker.Domain.csproj", "{F043EC50-68B5-42D6-85DA-D7E05F1C1F9F}"
EndProject
Project("{9A19103F-16F7-4668-BE54-9A1E7A4F7556}") = "PackageTracker.CosmosDbExtensions", "PackageTracker.CosmosDbExtensions\PackageTracker.CosmosDbExtensions.csproj", "{A880CCBE-F246-410B-89EA-3301EF3FE4E9}"
EndProject
Project("{9A19103F-16F7-4668-BE54-9A1E7A4F7556}") = "PackageTracker.WebServices", "PackageTracker.WebServices\PackageTracker.WebServices.csproj", "{EF96D560-4AFE-445D-987B-5ECE42792203}"
EndProject
Project("{9A19103F-16F7-4668-BE54-9A1E7A4F7556}") = "PackageTracker.Communications", "PackageTracker.Communications\PackageTracker.Communications.csproj", "{24DC4A5D-5CF6-4A0B-9E53-4A21A64A258F}"
EndProject
Project("{9A19103F-16F7-4668-BE54-9A1E7A4F7556}") = "PackageTracker.AzureExtensions", "PackageTracker.AzureExtensions\PackageTracker.AzureExtensions.csproj", "{4D8631F9-A9A2-438F-B963-9E9B94D30670}"
EndProject
Project("{9A19103F-16F7-4668-BE54-9A1E7A4F7556}") = "PackageTracker.WebJobs", "PackageTracker.WebJobs\PackageTracker.WebJobs.csproj", "{8081589E-D2F5-4E53-B70D-66EFAFC98714}"
EndProject
Project("{2150E333-8FDC-42A3-9474-1A3956D46DE8}") = "tests", "tests", "{B847E776-6A94-481B-977F-5C75097D6E46}"
EndProject
Project("{9A19103F-16F7-4668-BE54-9A1E7A4F7556}") = "PackageTracker.API.Tests", "tests\PackageTracker.API.Tests\PackageTracker.API.Tests.csproj", "{687B6C57-0677-4F10-B4E3-5FF585A4EB19}"
EndProject
Project("{9A19103F-16F7-4668-BE54-9A1E7A4F7556}") = "PackageTracker.Domain.Tests", "tests\PackageTracker.Domain.Tests\PackageTracker.Domain.Tests.csproj", "{4635685E-6931-4237-A937-6B5AF9979596}"
EndProject
Project("{9A19103F-16F7-4668-BE54-9A1E7A4F7556}") = "PackageTracker.Identity.Service", "PackageTracker.Identity.Service\PackageTracker.Identity.Service.csproj", "{3E67C8A9-8322-4E98-9A33-3F12E5B82802}"
EndProject
Project("{9A19103F-16F7-4668-BE54-9A1E7A4F7556}") = "ParcelPrepGov.Web", "ParcelPrepGov.Web\ParcelPrepGov.Web.csproj", "{73171904-56EA-4E77-82C1-096606EBD939}"
EndProject
Project("{9A19103F-16F7-4668-BE54-9A1E7A4F7556}") = "ParcelPrepGov.Reports", "ParcelPrepGov.Reports.Data\ParcelPrepGov.Reports.csproj", "{9036BE00-2EC0-4B70-8E07-3E69F6B05DB8}"
EndProject
Project("{2150E333-8FDC-42A3-9474-1A3956D46DE8}") = "Solution Items", "Solution Items", "{DD0EE949-0619-4639-85E9-1698BF04B053}"
	ProjectSection(SolutionItems) = preProject
		NuGet.config = NuGet.config
	EndProjectSection
EndProject
Project("{9A19103F-16F7-4668-BE54-9A1E7A4F7556}") = "ParcelPrepGov.DataUtility", "ParcelPrepGov.DataUtility\ParcelPrepGov.DataUtility.csproj", "{B8C4D3B3-D02C-47B9-8EC3-E0BB5B1CF968}"
EndProject
Project("{9A19103F-16F7-4668-BE54-9A1E7A4F7556}") = "PackageTracker.TrackingService", "PackageTracker.TrackingService\PackageTracker.TrackingService.csproj", "{DD738420-8236-48F7-8A86-D2609BE13FD9}"
EndProject
Project("{9A19103F-16F7-4668-BE54-9A1E7A4F7556}") = "PackageTracker.Communications.Tests", "tests\PackageTracker.Communications.Tests\PackageTracker.Communications.Tests.csproj", "{19E6F30A-E787-4EE9-B9C5-B3F1BEAC036B}"
EndProject
Project("{9A19103F-16F7-4668-BE54-9A1E7A4F7556}") = "PackageTracker.AsnService", "PackageTracker.AsnService\PackageTracker.AsnService.csproj", "{699C676B-2C71-4E76-B3B6-42487BBE8B94}"
EndProject
Project("{9A19103F-16F7-4668-BE54-9A1E7A4F7556}") = "PackageTracker.Identity.Service.Tests", "PackageTracker.Identity.Service.Tests\PackageTracker.Identity.Service.Tests.csproj", "{C1076BF6-8826-4DAE-9E6D-9E6108828D32}"
	ProjectSection(ProjectDependencies) = postProject
		{3E67C8A9-8322-4E98-9A33-3F12E5B82802} = {3E67C8A9-8322-4E98-9A33-3F12E5B82802}
	EndProjectSection
EndProject
Project("{9A19103F-16F7-4668-BE54-9A1E7A4F7556}") = "MMS.CreatePackage.API", "MMS.CreatePackage.API\MMS.CreatePackage.API.csproj", "{B60A2542-427E-438C-A206-7D288C967356}"
EndProject
Project("{9A19103F-16F7-4668-BE54-9A1E7A4F7556}") = "PackageTracker.ArchiveService", "PackageTracker.ArchiveService\PackageTracker.ArchiveService.csproj", "{0177036F-E280-47B0-BEE6-D98F32F282EF}"
EndProject
Project("{9A19103F-16F7-4668-BE54-9A1E7A4F7556}") = "MMS.API.Domain", "MMS.API.Domain\MMS.API.Domain.csproj", "{9569D8EB-4027-47DB-87DB-CB324D282454}"
EndProject
Project("{9A19103F-16F7-4668-BE54-9A1E7A4F7556}") = "MMS.Web.Domain", "MMS.Web.Domain\MMS.Web.Domain.csproj", "{AC4C19B5-3161-4B93-BE2D-A5E4D6D3A86A}"
EndProject
Project("{9A19103F-16F7-4668-BE54-9A1E7A4F7556}") = "PackageTracker.EodService", "PackageTracker.EodService\PackageTracker.EodService.csproj", "{ECC238DA-D2BA-4BF6-806C-D14A22924513}"
EndProject
Project("{9A19103F-16F7-4668-BE54-9A1E7A4F7556}") = "ManifestBuilder", "ManifestBuilder\ManifestBuilder.csproj", "{163EA005-3B5B-4D19-8572-82C79B677C0B}"
EndProject
Global
	GlobalSection(SolutionConfigurationPlatforms) = preSolution
		Debug|Any CPU = Debug|Any CPU
		Debug|x64 = Debug|x64
		Release|Any CPU = Release|Any CPU
		Release|x64 = Release|x64
	EndGlobalSection
	GlobalSection(ProjectConfigurationPlatforms) = postSolution
		{57A9A2DA-8820-4BA6-921F-E103F7CC077E}.Debug|Any CPU.ActiveCfg = Debug|Any CPU
		{57A9A2DA-8820-4BA6-921F-E103F7CC077E}.Debug|Any CPU.Build.0 = Debug|Any CPU
		{57A9A2DA-8820-4BA6-921F-E103F7CC077E}.Debug|x64.ActiveCfg = Debug|x64
		{57A9A2DA-8820-4BA6-921F-E103F7CC077E}.Debug|x64.Build.0 = Debug|x64
		{57A9A2DA-8820-4BA6-921F-E103F7CC077E}.Release|Any CPU.ActiveCfg = Release|Any CPU
		{57A9A2DA-8820-4BA6-921F-E103F7CC077E}.Release|Any CPU.Build.0 = Release|Any CPU
		{57A9A2DA-8820-4BA6-921F-E103F7CC077E}.Release|x64.ActiveCfg = Release|x64
		{57A9A2DA-8820-4BA6-921F-E103F7CC077E}.Release|x64.Build.0 = Release|x64
		{55143776-0879-46EB-8BBC-9C209ABE80EC}.Debug|Any CPU.ActiveCfg = Debug|Any CPU
		{55143776-0879-46EB-8BBC-9C209ABE80EC}.Debug|Any CPU.Build.0 = Debug|Any CPU
		{55143776-0879-46EB-8BBC-9C209ABE80EC}.Debug|x64.ActiveCfg = Debug|x64
		{55143776-0879-46EB-8BBC-9C209ABE80EC}.Debug|x64.Build.0 = Debug|x64
		{55143776-0879-46EB-8BBC-9C209ABE80EC}.Release|Any CPU.ActiveCfg = Release|Any CPU
		{55143776-0879-46EB-8BBC-9C209ABE80EC}.Release|Any CPU.Build.0 = Release|Any CPU
		{55143776-0879-46EB-8BBC-9C209ABE80EC}.Release|x64.ActiveCfg = Release|x64
		{55143776-0879-46EB-8BBC-9C209ABE80EC}.Release|x64.Build.0 = Release|x64
		{1E42F1CC-F713-4C44-A279-E6F861C3E726}.Debug|Any CPU.ActiveCfg = Debug|Any CPU
		{1E42F1CC-F713-4C44-A279-E6F861C3E726}.Debug|Any CPU.Build.0 = Debug|Any CPU
		{1E42F1CC-F713-4C44-A279-E6F861C3E726}.Debug|x64.ActiveCfg = Debug|x64
		{1E42F1CC-F713-4C44-A279-E6F861C3E726}.Debug|x64.Build.0 = Debug|x64
		{1E42F1CC-F713-4C44-A279-E6F861C3E726}.Release|Any CPU.ActiveCfg = Release|Any CPU
		{1E42F1CC-F713-4C44-A279-E6F861C3E726}.Release|Any CPU.Build.0 = Release|Any CPU
		{1E42F1CC-F713-4C44-A279-E6F861C3E726}.Release|x64.ActiveCfg = Release|x64
		{1E42F1CC-F713-4C44-A279-E6F861C3E726}.Release|x64.Build.0 = Release|x64
		{72993B31-E02B-4609-8835-E1D7E534F8D4}.Debug|Any CPU.ActiveCfg = Debug|Any CPU
		{72993B31-E02B-4609-8835-E1D7E534F8D4}.Debug|Any CPU.Build.0 = Debug|Any CPU
		{72993B31-E02B-4609-8835-E1D7E534F8D4}.Debug|x64.ActiveCfg = Debug|x64
		{72993B31-E02B-4609-8835-E1D7E534F8D4}.Debug|x64.Build.0 = Debug|x64
		{72993B31-E02B-4609-8835-E1D7E534F8D4}.Release|Any CPU.ActiveCfg = Release|Any CPU
		{72993B31-E02B-4609-8835-E1D7E534F8D4}.Release|Any CPU.Build.0 = Release|Any CPU
		{72993B31-E02B-4609-8835-E1D7E534F8D4}.Release|x64.ActiveCfg = Release|x64
		{72993B31-E02B-4609-8835-E1D7E534F8D4}.Release|x64.Build.0 = Release|x64
		{F043EC50-68B5-42D6-85DA-D7E05F1C1F9F}.Debug|Any CPU.ActiveCfg = Debug|Any CPU
		{F043EC50-68B5-42D6-85DA-D7E05F1C1F9F}.Debug|Any CPU.Build.0 = Debug|Any CPU
		{F043EC50-68B5-42D6-85DA-D7E05F1C1F9F}.Debug|x64.ActiveCfg = Debug|x64
		{F043EC50-68B5-42D6-85DA-D7E05F1C1F9F}.Debug|x64.Build.0 = Debug|x64
		{F043EC50-68B5-42D6-85DA-D7E05F1C1F9F}.Release|Any CPU.ActiveCfg = Release|Any CPU
		{F043EC50-68B5-42D6-85DA-D7E05F1C1F9F}.Release|Any CPU.Build.0 = Release|Any CPU
		{F043EC50-68B5-42D6-85DA-D7E05F1C1F9F}.Release|x64.ActiveCfg = Release|x64
		{F043EC50-68B5-42D6-85DA-D7E05F1C1F9F}.Release|x64.Build.0 = Release|x64
		{A880CCBE-F246-410B-89EA-3301EF3FE4E9}.Debug|Any CPU.ActiveCfg = Debug|Any CPU
		{A880CCBE-F246-410B-89EA-3301EF3FE4E9}.Debug|Any CPU.Build.0 = Debug|Any CPU
		{A880CCBE-F246-410B-89EA-3301EF3FE4E9}.Debug|x64.ActiveCfg = Debug|x64
		{A880CCBE-F246-410B-89EA-3301EF3FE4E9}.Debug|x64.Build.0 = Debug|x64
		{A880CCBE-F246-410B-89EA-3301EF3FE4E9}.Release|Any CPU.ActiveCfg = Release|Any CPU
		{A880CCBE-F246-410B-89EA-3301EF3FE4E9}.Release|Any CPU.Build.0 = Release|Any CPU
		{A880CCBE-F246-410B-89EA-3301EF3FE4E9}.Release|x64.ActiveCfg = Release|x64
		{A880CCBE-F246-410B-89EA-3301EF3FE4E9}.Release|x64.Build.0 = Release|x64
		{EF96D560-4AFE-445D-987B-5ECE42792203}.Debug|Any CPU.ActiveCfg = Debug|Any CPU
		{EF96D560-4AFE-445D-987B-5ECE42792203}.Debug|Any CPU.Build.0 = Debug|Any CPU
		{EF96D560-4AFE-445D-987B-5ECE42792203}.Debug|x64.ActiveCfg = Debug|x64
		{EF96D560-4AFE-445D-987B-5ECE42792203}.Debug|x64.Build.0 = Debug|x64
		{EF96D560-4AFE-445D-987B-5ECE42792203}.Release|Any CPU.ActiveCfg = Release|Any CPU
		{EF96D560-4AFE-445D-987B-5ECE42792203}.Release|Any CPU.Build.0 = Release|Any CPU
		{EF96D560-4AFE-445D-987B-5ECE42792203}.Release|x64.ActiveCfg = Release|x64
		{EF96D560-4AFE-445D-987B-5ECE42792203}.Release|x64.Build.0 = Release|x64
		{24DC4A5D-5CF6-4A0B-9E53-4A21A64A258F}.Debug|Any CPU.ActiveCfg = Debug|Any CPU
		{24DC4A5D-5CF6-4A0B-9E53-4A21A64A258F}.Debug|Any CPU.Build.0 = Debug|Any CPU
		{24DC4A5D-5CF6-4A0B-9E53-4A21A64A258F}.Debug|x64.ActiveCfg = Debug|x64
		{24DC4A5D-5CF6-4A0B-9E53-4A21A64A258F}.Debug|x64.Build.0 = Debug|x64
		{24DC4A5D-5CF6-4A0B-9E53-4A21A64A258F}.Release|Any CPU.ActiveCfg = Release|Any CPU
		{24DC4A5D-5CF6-4A0B-9E53-4A21A64A258F}.Release|Any CPU.Build.0 = Release|Any CPU
		{24DC4A5D-5CF6-4A0B-9E53-4A21A64A258F}.Release|x64.ActiveCfg = Release|x64
		{24DC4A5D-5CF6-4A0B-9E53-4A21A64A258F}.Release|x64.Build.0 = Release|x64
		{4D8631F9-A9A2-438F-B963-9E9B94D30670}.Debug|Any CPU.ActiveCfg = Debug|Any CPU
		{4D8631F9-A9A2-438F-B963-9E9B94D30670}.Debug|Any CPU.Build.0 = Debug|Any CPU
		{4D8631F9-A9A2-438F-B963-9E9B94D30670}.Debug|x64.ActiveCfg = Debug|x64
		{4D8631F9-A9A2-438F-B963-9E9B94D30670}.Debug|x64.Build.0 = Debug|x64
		{4D8631F9-A9A2-438F-B963-9E9B94D30670}.Release|Any CPU.ActiveCfg = Release|Any CPU
		{4D8631F9-A9A2-438F-B963-9E9B94D30670}.Release|Any CPU.Build.0 = Release|Any CPU
		{4D8631F9-A9A2-438F-B963-9E9B94D30670}.Release|x64.ActiveCfg = Release|x64
		{4D8631F9-A9A2-438F-B963-9E9B94D30670}.Release|x64.Build.0 = Release|x64
		{8081589E-D2F5-4E53-B70D-66EFAFC98714}.Debug|Any CPU.ActiveCfg = Debug|Any CPU
		{8081589E-D2F5-4E53-B70D-66EFAFC98714}.Debug|Any CPU.Build.0 = Debug|Any CPU
		{8081589E-D2F5-4E53-B70D-66EFAFC98714}.Debug|x64.ActiveCfg = Debug|x64
		{8081589E-D2F5-4E53-B70D-66EFAFC98714}.Debug|x64.Build.0 = Debug|x64
		{8081589E-D2F5-4E53-B70D-66EFAFC98714}.Release|Any CPU.ActiveCfg = Release|Any CPU
		{8081589E-D2F5-4E53-B70D-66EFAFC98714}.Release|Any CPU.Build.0 = Release|Any CPU
		{8081589E-D2F5-4E53-B70D-66EFAFC98714}.Release|x64.ActiveCfg = Release|x64
		{8081589E-D2F5-4E53-B70D-66EFAFC98714}.Release|x64.Build.0 = Release|x64
		{687B6C57-0677-4F10-B4E3-5FF585A4EB19}.Debug|Any CPU.ActiveCfg = Debug|Any CPU
		{687B6C57-0677-4F10-B4E3-5FF585A4EB19}.Debug|Any CPU.Build.0 = Debug|Any CPU
		{687B6C57-0677-4F10-B4E3-5FF585A4EB19}.Debug|x64.ActiveCfg = Debug|x64
		{687B6C57-0677-4F10-B4E3-5FF585A4EB19}.Debug|x64.Build.0 = Debug|x64
		{687B6C57-0677-4F10-B4E3-5FF585A4EB19}.Release|Any CPU.ActiveCfg = Release|Any CPU
		{687B6C57-0677-4F10-B4E3-5FF585A4EB19}.Release|Any CPU.Build.0 = Release|Any CPU
		{687B6C57-0677-4F10-B4E3-5FF585A4EB19}.Release|x64.ActiveCfg = Release|x64
		{687B6C57-0677-4F10-B4E3-5FF585A4EB19}.Release|x64.Build.0 = Release|x64
		{4635685E-6931-4237-A937-6B5AF9979596}.Debug|Any CPU.ActiveCfg = Debug|Any CPU
		{4635685E-6931-4237-A937-6B5AF9979596}.Debug|Any CPU.Build.0 = Debug|Any CPU
		{4635685E-6931-4237-A937-6B5AF9979596}.Debug|x64.ActiveCfg = Debug|x64
		{4635685E-6931-4237-A937-6B5AF9979596}.Debug|x64.Build.0 = Debug|x64
		{4635685E-6931-4237-A937-6B5AF9979596}.Release|Any CPU.ActiveCfg = Release|Any CPU
		{4635685E-6931-4237-A937-6B5AF9979596}.Release|Any CPU.Build.0 = Release|Any CPU
		{4635685E-6931-4237-A937-6B5AF9979596}.Release|x64.ActiveCfg = Release|x64
		{4635685E-6931-4237-A937-6B5AF9979596}.Release|x64.Build.0 = Release|x64
		{3E67C8A9-8322-4E98-9A33-3F12E5B82802}.Debug|Any CPU.ActiveCfg = Debug|Any CPU
		{3E67C8A9-8322-4E98-9A33-3F12E5B82802}.Debug|Any CPU.Build.0 = Debug|Any CPU
		{3E67C8A9-8322-4E98-9A33-3F12E5B82802}.Debug|x64.ActiveCfg = Debug|x64
		{3E67C8A9-8322-4E98-9A33-3F12E5B82802}.Debug|x64.Build.0 = Debug|x64
		{3E67C8A9-8322-4E98-9A33-3F12E5B82802}.Release|Any CPU.ActiveCfg = Release|Any CPU
		{3E67C8A9-8322-4E98-9A33-3F12E5B82802}.Release|Any CPU.Build.0 = Release|Any CPU
		{3E67C8A9-8322-4E98-9A33-3F12E5B82802}.Release|x64.ActiveCfg = Release|x64
		{3E67C8A9-8322-4E98-9A33-3F12E5B82802}.Release|x64.Build.0 = Release|x64
		{73171904-56EA-4E77-82C1-096606EBD939}.Debug|Any CPU.ActiveCfg = Debug|Any CPU
		{73171904-56EA-4E77-82C1-096606EBD939}.Debug|Any CPU.Build.0 = Debug|Any CPU
		{73171904-56EA-4E77-82C1-096606EBD939}.Debug|x64.ActiveCfg = Debug|x64
		{73171904-56EA-4E77-82C1-096606EBD939}.Debug|x64.Build.0 = Debug|x64
		{73171904-56EA-4E77-82C1-096606EBD939}.Release|Any CPU.ActiveCfg = Release|Any CPU
		{73171904-56EA-4E77-82C1-096606EBD939}.Release|Any CPU.Build.0 = Release|Any CPU
		{73171904-56EA-4E77-82C1-096606EBD939}.Release|x64.ActiveCfg = Release|x64
		{73171904-56EA-4E77-82C1-096606EBD939}.Release|x64.Build.0 = Release|x64
		{9036BE00-2EC0-4B70-8E07-3E69F6B05DB8}.Debug|Any CPU.ActiveCfg = Debug|Any CPU
		{9036BE00-2EC0-4B70-8E07-3E69F6B05DB8}.Debug|Any CPU.Build.0 = Debug|Any CPU
		{9036BE00-2EC0-4B70-8E07-3E69F6B05DB8}.Debug|x64.ActiveCfg = Debug|x64
		{9036BE00-2EC0-4B70-8E07-3E69F6B05DB8}.Debug|x64.Build.0 = Debug|x64
		{9036BE00-2EC0-4B70-8E07-3E69F6B05DB8}.Release|Any CPU.ActiveCfg = Release|Any CPU
		{9036BE00-2EC0-4B70-8E07-3E69F6B05DB8}.Release|Any CPU.Build.0 = Release|Any CPU
		{9036BE00-2EC0-4B70-8E07-3E69F6B05DB8}.Release|x64.ActiveCfg = Release|x64
		{9036BE00-2EC0-4B70-8E07-3E69F6B05DB8}.Release|x64.Build.0 = Release|x64
		{B8C4D3B3-D02C-47B9-8EC3-E0BB5B1CF968}.Debug|Any CPU.ActiveCfg = Debug|Any CPU
		{B8C4D3B3-D02C-47B9-8EC3-E0BB5B1CF968}.Debug|Any CPU.Build.0 = Debug|Any CPU
		{B8C4D3B3-D02C-47B9-8EC3-E0BB5B1CF968}.Debug|x64.ActiveCfg = Debug|x64
		{B8C4D3B3-D02C-47B9-8EC3-E0BB5B1CF968}.Debug|x64.Build.0 = Debug|x64
		{B8C4D3B3-D02C-47B9-8EC3-E0BB5B1CF968}.Release|Any CPU.ActiveCfg = Release|Any CPU
		{B8C4D3B3-D02C-47B9-8EC3-E0BB5B1CF968}.Release|Any CPU.Build.0 = Release|Any CPU
		{B8C4D3B3-D02C-47B9-8EC3-E0BB5B1CF968}.Release|x64.ActiveCfg = Release|x64
		{B8C4D3B3-D02C-47B9-8EC3-E0BB5B1CF968}.Release|x64.Build.0 = Release|x64
		{DD738420-8236-48F7-8A86-D2609BE13FD9}.Debug|Any CPU.ActiveCfg = Debug|Any CPU
		{DD738420-8236-48F7-8A86-D2609BE13FD9}.Debug|Any CPU.Build.0 = Debug|Any CPU
		{DD738420-8236-48F7-8A86-D2609BE13FD9}.Debug|x64.ActiveCfg = Debug|x64
		{DD738420-8236-48F7-8A86-D2609BE13FD9}.Debug|x64.Build.0 = Debug|x64
		{DD738420-8236-48F7-8A86-D2609BE13FD9}.Release|Any CPU.ActiveCfg = Release|Any CPU
		{DD738420-8236-48F7-8A86-D2609BE13FD9}.Release|Any CPU.Build.0 = Release|Any CPU
		{DD738420-8236-48F7-8A86-D2609BE13FD9}.Release|x64.ActiveCfg = Release|x64
		{DD738420-8236-48F7-8A86-D2609BE13FD9}.Release|x64.Build.0 = Release|x64
		{19E6F30A-E787-4EE9-B9C5-B3F1BEAC036B}.Debug|Any CPU.ActiveCfg = Debug|Any CPU
		{19E6F30A-E787-4EE9-B9C5-B3F1BEAC036B}.Debug|Any CPU.Build.0 = Debug|Any CPU
		{19E6F30A-E787-4EE9-B9C5-B3F1BEAC036B}.Debug|x64.ActiveCfg = Debug|Any CPU
		{19E6F30A-E787-4EE9-B9C5-B3F1BEAC036B}.Debug|x64.Build.0 = Debug|Any CPU
		{19E6F30A-E787-4EE9-B9C5-B3F1BEAC036B}.Release|Any CPU.ActiveCfg = Release|Any CPU
		{19E6F30A-E787-4EE9-B9C5-B3F1BEAC036B}.Release|Any CPU.Build.0 = Release|Any CPU
		{19E6F30A-E787-4EE9-B9C5-B3F1BEAC036B}.Release|x64.ActiveCfg = Release|Any CPU
		{19E6F30A-E787-4EE9-B9C5-B3F1BEAC036B}.Release|x64.Build.0 = Release|Any CPU
		{699C676B-2C71-4E76-B3B6-42487BBE8B94}.Debug|Any CPU.ActiveCfg = Debug|Any CPU
		{699C676B-2C71-4E76-B3B6-42487BBE8B94}.Debug|Any CPU.Build.0 = Debug|Any CPU
		{699C676B-2C71-4E76-B3B6-42487BBE8B94}.Debug|x64.ActiveCfg = Debug|Any CPU
		{699C676B-2C71-4E76-B3B6-42487BBE8B94}.Debug|x64.Build.0 = Debug|Any CPU
		{699C676B-2C71-4E76-B3B6-42487BBE8B94}.Release|Any CPU.ActiveCfg = Release|Any CPU
		{699C676B-2C71-4E76-B3B6-42487BBE8B94}.Release|Any CPU.Build.0 = Release|Any CPU
		{699C676B-2C71-4E76-B3B6-42487BBE8B94}.Release|x64.ActiveCfg = Release|Any CPU
		{699C676B-2C71-4E76-B3B6-42487BBE8B94}.Release|x64.Build.0 = Release|Any CPU
		{C1076BF6-8826-4DAE-9E6D-9E6108828D32}.Debug|Any CPU.ActiveCfg = Debug|Any CPU
		{C1076BF6-8826-4DAE-9E6D-9E6108828D32}.Debug|Any CPU.Build.0 = Debug|Any CPU
		{C1076BF6-8826-4DAE-9E6D-9E6108828D32}.Debug|x64.ActiveCfg = Debug|Any CPU
		{C1076BF6-8826-4DAE-9E6D-9E6108828D32}.Debug|x64.Build.0 = Debug|Any CPU
		{C1076BF6-8826-4DAE-9E6D-9E6108828D32}.Release|Any CPU.ActiveCfg = Release|Any CPU
		{C1076BF6-8826-4DAE-9E6D-9E6108828D32}.Release|Any CPU.Build.0 = Release|Any CPU
		{C1076BF6-8826-4DAE-9E6D-9E6108828D32}.Release|x64.ActiveCfg = Release|Any CPU
		{C1076BF6-8826-4DAE-9E6D-9E6108828D32}.Release|x64.Build.0 = Release|Any CPU
		{B60A2542-427E-438C-A206-7D288C967356}.Debug|Any CPU.ActiveCfg = Debug|Any CPU
		{B60A2542-427E-438C-A206-7D288C967356}.Debug|Any CPU.Build.0 = Debug|Any CPU
		{B60A2542-427E-438C-A206-7D288C967356}.Debug|x64.ActiveCfg = Debug|Any CPU
		{B60A2542-427E-438C-A206-7D288C967356}.Debug|x64.Build.0 = Debug|Any CPU
		{B60A2542-427E-438C-A206-7D288C967356}.Release|Any CPU.ActiveCfg = Release|Any CPU
		{B60A2542-427E-438C-A206-7D288C967356}.Release|Any CPU.Build.0 = Release|Any CPU
		{B60A2542-427E-438C-A206-7D288C967356}.Release|x64.ActiveCfg = Release|Any CPU
		{B60A2542-427E-438C-A206-7D288C967356}.Release|x64.Build.0 = Release|Any CPU
		{0177036F-E280-47B0-BEE6-D98F32F282EF}.Debug|Any CPU.ActiveCfg = Debug|Any CPU
		{0177036F-E280-47B0-BEE6-D98F32F282EF}.Debug|Any CPU.Build.0 = Debug|Any CPU
		{0177036F-E280-47B0-BEE6-D98F32F282EF}.Debug|x64.ActiveCfg = Debug|x64
		{0177036F-E280-47B0-BEE6-D98F32F282EF}.Debug|x64.Build.0 = Debug|x64
		{0177036F-E280-47B0-BEE6-D98F32F282EF}.Release|Any CPU.ActiveCfg = Release|Any CPU
		{0177036F-E280-47B0-BEE6-D98F32F282EF}.Release|Any CPU.Build.0 = Release|Any CPU
		{0177036F-E280-47B0-BEE6-D98F32F282EF}.Release|x64.ActiveCfg = Release|x64
		{0177036F-E280-47B0-BEE6-D98F32F282EF}.Release|x64.Build.0 = Release|x64
		{9569D8EB-4027-47DB-87DB-CB324D282454}.Debug|Any CPU.ActiveCfg = Debug|Any CPU
		{9569D8EB-4027-47DB-87DB-CB324D282454}.Debug|Any CPU.Build.0 = Debug|Any CPU
		{9569D8EB-4027-47DB-87DB-CB324D282454}.Debug|x64.ActiveCfg = Debug|Any CPU
		{9569D8EB-4027-47DB-87DB-CB324D282454}.Debug|x64.Build.0 = Debug|Any CPU
		{9569D8EB-4027-47DB-87DB-CB324D282454}.Release|Any CPU.ActiveCfg = Release|Any CPU
		{9569D8EB-4027-47DB-87DB-CB324D282454}.Release|Any CPU.Build.0 = Release|Any CPU
		{9569D8EB-4027-47DB-87DB-CB324D282454}.Release|x64.ActiveCfg = Release|Any CPU
		{9569D8EB-4027-47DB-87DB-CB324D282454}.Release|x64.Build.0 = Release|Any CPU
		{AC4C19B5-3161-4B93-BE2D-A5E4D6D3A86A}.Debug|Any CPU.ActiveCfg = Debug|Any CPU
		{AC4C19B5-3161-4B93-BE2D-A5E4D6D3A86A}.Debug|Any CPU.Build.0 = Debug|Any CPU
		{AC4C19B5-3161-4B93-BE2D-A5E4D6D3A86A}.Debug|x64.ActiveCfg = Debug|Any CPU
		{AC4C19B5-3161-4B93-BE2D-A5E4D6D3A86A}.Debug|x64.Build.0 = Debug|Any CPU
		{AC4C19B5-3161-4B93-BE2D-A5E4D6D3A86A}.Release|Any CPU.ActiveCfg = Release|Any CPU
		{AC4C19B5-3161-4B93-BE2D-A5E4D6D3A86A}.Release|Any CPU.Build.0 = Release|Any CPU
		{AC4C19B5-3161-4B93-BE2D-A5E4D6D3A86A}.Release|x64.ActiveCfg = Release|Any CPU
		{AC4C19B5-3161-4B93-BE2D-A5E4D6D3A86A}.Release|x64.Build.0 = Release|Any CPU
		{ECC238DA-D2BA-4BF6-806C-D14A22924513}.Debug|Any CPU.ActiveCfg = Debug|Any CPU
		{ECC238DA-D2BA-4BF6-806C-D14A22924513}.Debug|Any CPU.Build.0 = Debug|Any CPU
		{ECC238DA-D2BA-4BF6-806C-D14A22924513}.Debug|x64.ActiveCfg = Debug|x64
		{ECC238DA-D2BA-4BF6-806C-D14A22924513}.Debug|x64.Build.0 = Debug|x64
		{ECC238DA-D2BA-4BF6-806C-D14A22924513}.Release|Any CPU.ActiveCfg = Release|Any CPU
		{ECC238DA-D2BA-4BF6-806C-D14A22924513}.Release|Any CPU.Build.0 = Release|Any CPU
		{ECC238DA-D2BA-4BF6-806C-D14A22924513}.Release|x64.ActiveCfg = Release|x64
		{ECC238DA-D2BA-4BF6-806C-D14A22924513}.Release|x64.Build.0 = Release|x64
		{163EA005-3B5B-4D19-8572-82C79B677C0B}.Debug|Any CPU.ActiveCfg = Debug|Any CPU
		{163EA005-3B5B-4D19-8572-82C79B677C0B}.Debug|Any CPU.Build.0 = Debug|Any CPU
		{163EA005-3B5B-4D19-8572-82C79B677C0B}.Debug|x64.ActiveCfg = Debug|Any CPU
		{163EA005-3B5B-4D19-8572-82C79B677C0B}.Debug|x64.Build.0 = Debug|Any CPU
		{163EA005-3B5B-4D19-8572-82C79B677C0B}.Release|Any CPU.ActiveCfg = Release|Any CPU
		{163EA005-3B5B-4D19-8572-82C79B677C0B}.Release|Any CPU.Build.0 = Release|Any CPU
		{163EA005-3B5B-4D19-8572-82C79B677C0B}.Release|x64.ActiveCfg = Release|Any CPU
		{163EA005-3B5B-4D19-8572-82C79B677C0B}.Release|x64.Build.0 = Release|Any CPU
	EndGlobalSection
	GlobalSection(SolutionProperties) = preSolution
		HideSolutionNode = FALSE
	EndGlobalSection
	GlobalSection(NestedProjects) = preSolution
		{687B6C57-0677-4F10-B4E3-5FF585A4EB19} = {B847E776-6A94-481B-977F-5C75097D6E46}
		{4635685E-6931-4237-A937-6B5AF9979596} = {B847E776-6A94-481B-977F-5C75097D6E46}
		{19E6F30A-E787-4EE9-B9C5-B3F1BEAC036B} = {B847E776-6A94-481B-977F-5C75097D6E46}
		{C1076BF6-8826-4DAE-9E6D-9E6108828D32} = {B847E776-6A94-481B-977F-5C75097D6E46}
	EndGlobalSection
	GlobalSection(ExtensibilityGlobals) = postSolution
		SolutionGuid = {B3250C5E-4AF9-43A4-906D-5AD88BDDB264}
	EndGlobalSection
EndGlobal
